
Microsoft Visual Studio Solution File, Format Version 12.00
# Visual Studio 15
VisualStudioVersion = 15.0.27703.2000
MinimumVisualStudioVersion = 10.0.40219.1
Project("{9A19103F-16F7-4668-BE54-9A1E7A4F7556}") = "PE206", "PE206\PE206.csproj", "{ABF8A12C-743F-4D9A-812B-2318CE7B774E}"
EndProject
Project("{9A19103F-16F7-4668-BE54-9A1E7A4F7556}") = "PE493", "PE493\PE493.csproj", "{5526FD6D-7FF3-40CB-B271-0B8FE591FE79}"
EndProject
Project("{9A19103F-16F7-4668-BE54-9A1E7A4F7556}") = "PE387", "PE387\PE387.csproj", "{ADEAC1B4-FD94-44A4-8201-B1140D53ACD1}"
EndProject
Project("{9A19103F-16F7-4668-BE54-9A1E7A4F7556}") = "PE301", "PE301\PE301.csproj", "{46F4CD4E-194E-4EE2-99E7-BFBF9CA2F444}"
EndProject
Project("{9A19103F-16F7-4668-BE54-9A1E7A4F7556}") = "PE233", "PE233\PE233.csproj", "{CBF49006-C1F8-4F79-819D-77CB96CB2325}"
EndProject
Project("{9A19103F-16F7-4668-BE54-9A1E7A4F7556}") = "PE500", "PE500\PE500.csproj", "{2D7E053C-61E0-4494-A81E-76F173BFE31E}"
EndProject
Project("{9A19103F-16F7-4668-BE54-9A1E7A4F7556}") = "Helpers", "Helpers\Helpers.csproj", "{1EE0EC46-6596-4EA5-B11C-7568EFD54032}"
EndProject
Project("{9A19103F-16F7-4668-BE54-9A1E7A4F7556}") = "PE347", "PE347\PE347.csproj", "{E9C07721-CBD7-4DCC-B68F-7663A522196F}"
EndProject
Project("{9A19103F-16F7-4668-BE54-9A1E7A4F7556}") = "PE504", "PE504\PE504.csproj", "{A2223342-AFC6-427B-9C70-FA0DA393FE9E}"
EndProject
Project("{9A19103F-16F7-4668-BE54-9A1E7A4F7556}") = "PE549", "PE549\PE549.csproj", "{C28A9A04-9CEC-4DFC-92F0-A00D803910EE}"
EndProject
Project("{9A19103F-16F7-4668-BE54-9A1E7A4F7556}") = "PE622", "PE622\PE622.csproj", "{9C7E6573-5D0E-4CE0-81DD-7A0CACFD98BD}"
EndProject
Project("{9A19103F-16F7-4668-BE54-9A1E7A4F7556}") = "PE381", "PE381\PE381.csproj", "{7199F7B0-725F-49B5-8452-0024DC155879}"
EndProject
Project("{9A19103F-16F7-4668-BE54-9A1E7A4F7556}") = "PE346", "PE346\PE346.csproj", "{617E0465-A5CC-42CC-84B5-9B1CFCD50084}"
EndProject
Project("{9A19103F-16F7-4668-BE54-9A1E7A4F7556}") = "PE587", "PE587\PE587.csproj", "{06E140F2-537F-4C36-B8F4-B90EEBDF745B}"
EndProject
Project("{9A19103F-16F7-4668-BE54-9A1E7A4F7556}") = "PEBlank", "PEBlank\PEBlank.csproj", "{6613D240-D276-4191-93DF-54CE3BB84EE0}"
EndProject
Project("{9A19103F-16F7-4668-BE54-9A1E7A4F7556}") = "PE577", "PE577\PE577.csproj", "{29D5C908-4905-453F-9313-6E1ECCAB1913}"
EndProject
Project("{9A19103F-16F7-4668-BE54-9A1E7A4F7556}") = "PE607", "PE607\PE607.csproj", "{7E33BEE1-28CC-4CE1-BCBB-B1CABF937B07}"
EndProject
Project("{9A19103F-16F7-4668-BE54-9A1E7A4F7556}") = "PE145", "PE145\PE145.csproj", "{710B4898-32BB-4232-B328-C91EEB34D4B7}"
EndProject
Project("{9A19103F-16F7-4668-BE54-9A1E7A4F7556}") = "PE609", "PE609\PE609.csproj", "{A6DD544A-0D99-46F3-AEEA-F8AD619A6646}"
EndProject
Project("{9A19103F-16F7-4668-BE54-9A1E7A4F7556}") = "PE323", "PE323\PE323.csproj", "{8C882BF5-5978-4CA7-A5C1-F62AD3DA19D6}"
EndProject
Project("{9A19103F-16F7-4668-BE54-9A1E7A4F7556}") = "PE315", "PE315\PE315.csproj", "{8CED19BD-3BC4-4117-AF62-11A17DFDB21F}"
EndProject
Project("{9A19103F-16F7-4668-BE54-9A1E7A4F7556}") = "PE169", "PE169\PE169.csproj", "{A046BF8B-A37A-4578-82A9-39B295A2A2B7}"
EndProject
Project("{9A19103F-16F7-4668-BE54-9A1E7A4F7556}") = "PE105", "PE105\PE105.csproj", "{A99042CF-497D-4869-A0F2-2E2DAD5E080F}"
EndProject
Project("{9A19103F-16F7-4668-BE54-9A1E7A4F7556}") = "PE106", "PE106\PE106.csproj", "{E161C98D-CA3D-4E6E-960C-C19F6DB0A431}"
EndProject
Project("{9A19103F-16F7-4668-BE54-9A1E7A4F7556}") = "PE119", "PE119\PE119.csproj", "{54FE48AB-88A3-475A-AFD5-F7083427D7A1}"
EndProject
Project("{9A19103F-16F7-4668-BE54-9A1E7A4F7556}") = "PE407", "PE407\PE407.csproj", "{F6C86481-09D6-4520-BB89-C26C1BD9F89F}"
EndProject
Project("{9A19103F-16F7-4668-BE54-9A1E7A4F7556}") = "PE108", "PE108\PE108.csproj", "{E42B4112-ED27-4B26-8BCA-30BAE13B929B}"
EndProject
Project("{9A19103F-16F7-4668-BE54-9A1E7A4F7556}") = "PE110", "PE110\PE110.csproj", "{34D7C8D0-7735-400D-9EC4-9CDC9A039AA2}"
EndProject
Project("{9A19103F-16F7-4668-BE54-9A1E7A4F7556}") = "PE187", "PE187\PE187.csproj", "{28C62E87-D7B7-4E22-A3D1-2C66901339B5}"
EndProject
Project("{9A19103F-16F7-4668-BE54-9A1E7A4F7556}") = "PE191", "PE191\PE191.csproj", "{E606A5FD-22F8-455D-A91A-DD8742699896}"
EndProject
Project("{9A19103F-16F7-4668-BE54-9A1E7A4F7556}") = "PE118", "PE118\PE118.csproj", "{74D15703-53AB-4A15-AD00-99F49ABF0DD8}"
EndProject
Project("{FAE04EC0-301F-11D3-BF4B-00C04F79EFBC}") = "DancingLinks", "DancingLinks\DancingLinks.csproj", "{65326A86-25E8-487F-9E44-B16134FECDFA}"
EndProject
Project("{9A19103F-16F7-4668-BE54-9A1E7A4F7556}") = "PE120", "PE120\PE120.csproj", "{4060A3E7-DCD8-4EC3-B50E-7E92E8B7D367}"
EndProject
Project("{9A19103F-16F7-4668-BE54-9A1E7A4F7556}") = "PE642", "PE642\PE642.csproj", "{886A4C17-B41B-4C2B-8EAE-2CC60683A4A8}"
EndProject
Project("{FAE04EC0-301F-11D3-BF4B-00C04F79EFBC}") = "PE126", "PE126\PE126.csproj", "{E87D0978-946F-45FD-809C-979ED5BD0F30}"
EndProject
Global
	GlobalSection(SolutionConfigurationPlatforms) = preSolution
		Debug|Any CPU = Debug|Any CPU
		Release|Any CPU = Release|Any CPU
	EndGlobalSection
	GlobalSection(ProjectConfigurationPlatforms) = postSolution
		{ABF8A12C-743F-4D9A-812B-2318CE7B774E}.Debug|Any CPU.ActiveCfg = Debug|Any CPU
		{ABF8A12C-743F-4D9A-812B-2318CE7B774E}.Debug|Any CPU.Build.0 = Debug|Any CPU
		{ABF8A12C-743F-4D9A-812B-2318CE7B774E}.Release|Any CPU.ActiveCfg = Release|Any CPU
		{ABF8A12C-743F-4D9A-812B-2318CE7B774E}.Release|Any CPU.Build.0 = Release|Any CPU
		{5526FD6D-7FF3-40CB-B271-0B8FE591FE79}.Debug|Any CPU.ActiveCfg = Debug|Any CPU
		{5526FD6D-7FF3-40CB-B271-0B8FE591FE79}.Debug|Any CPU.Build.0 = Debug|Any CPU
		{5526FD6D-7FF3-40CB-B271-0B8FE591FE79}.Release|Any CPU.ActiveCfg = Release|Any CPU
		{5526FD6D-7FF3-40CB-B271-0B8FE591FE79}.Release|Any CPU.Build.0 = Release|Any CPU
		{ADEAC1B4-FD94-44A4-8201-B1140D53ACD1}.Debug|Any CPU.ActiveCfg = Debug|Any CPU
		{ADEAC1B4-FD94-44A4-8201-B1140D53ACD1}.Debug|Any CPU.Build.0 = Debug|Any CPU
		{ADEAC1B4-FD94-44A4-8201-B1140D53ACD1}.Release|Any CPU.ActiveCfg = Release|Any CPU
		{ADEAC1B4-FD94-44A4-8201-B1140D53ACD1}.Release|Any CPU.Build.0 = Release|Any CPU
		{46F4CD4E-194E-4EE2-99E7-BFBF9CA2F444}.Debug|Any CPU.ActiveCfg = Debug|Any CPU
		{46F4CD4E-194E-4EE2-99E7-BFBF9CA2F444}.Debug|Any CPU.Build.0 = Debug|Any CPU
		{46F4CD4E-194E-4EE2-99E7-BFBF9CA2F444}.Release|Any CPU.ActiveCfg = Release|Any CPU
		{46F4CD4E-194E-4EE2-99E7-BFBF9CA2F444}.Release|Any CPU.Build.0 = Release|Any CPU
		{CBF49006-C1F8-4F79-819D-77CB96CB2325}.Debug|Any CPU.ActiveCfg = Debug|Any CPU
		{CBF49006-C1F8-4F79-819D-77CB96CB2325}.Debug|Any CPU.Build.0 = Debug|Any CPU
		{CBF49006-C1F8-4F79-819D-77CB96CB2325}.Release|Any CPU.ActiveCfg = Release|Any CPU
		{CBF49006-C1F8-4F79-819D-77CB96CB2325}.Release|Any CPU.Build.0 = Release|Any CPU
		{2D7E053C-61E0-4494-A81E-76F173BFE31E}.Debug|Any CPU.ActiveCfg = Debug|Any CPU
		{2D7E053C-61E0-4494-A81E-76F173BFE31E}.Debug|Any CPU.Build.0 = Debug|Any CPU
		{2D7E053C-61E0-4494-A81E-76F173BFE31E}.Release|Any CPU.ActiveCfg = Release|Any CPU
		{2D7E053C-61E0-4494-A81E-76F173BFE31E}.Release|Any CPU.Build.0 = Release|Any CPU
		{1EE0EC46-6596-4EA5-B11C-7568EFD54032}.Debug|Any CPU.ActiveCfg = Debug|Any CPU
		{1EE0EC46-6596-4EA5-B11C-7568EFD54032}.Debug|Any CPU.Build.0 = Debug|Any CPU
		{1EE0EC46-6596-4EA5-B11C-7568EFD54032}.Release|Any CPU.ActiveCfg = Release|Any CPU
		{1EE0EC46-6596-4EA5-B11C-7568EFD54032}.Release|Any CPU.Build.0 = Release|Any CPU
		{E9C07721-CBD7-4DCC-B68F-7663A522196F}.Debug|Any CPU.ActiveCfg = Debug|Any CPU
		{E9C07721-CBD7-4DCC-B68F-7663A522196F}.Debug|Any CPU.Build.0 = Debug|Any CPU
		{E9C07721-CBD7-4DCC-B68F-7663A522196F}.Release|Any CPU.ActiveCfg = Release|Any CPU
		{E9C07721-CBD7-4DCC-B68F-7663A522196F}.Release|Any CPU.Build.0 = Release|Any CPU
		{A2223342-AFC6-427B-9C70-FA0DA393FE9E}.Debug|Any CPU.ActiveCfg = Debug|Any CPU
		{A2223342-AFC6-427B-9C70-FA0DA393FE9E}.Debug|Any CPU.Build.0 = Debug|Any CPU
		{A2223342-AFC6-427B-9C70-FA0DA393FE9E}.Release|Any CPU.ActiveCfg = Release|Any CPU
		{A2223342-AFC6-427B-9C70-FA0DA393FE9E}.Release|Any CPU.Build.0 = Release|Any CPU
		{C28A9A04-9CEC-4DFC-92F0-A00D803910EE}.Debug|Any CPU.ActiveCfg = Debug|Any CPU
		{C28A9A04-9CEC-4DFC-92F0-A00D803910EE}.Debug|Any CPU.Build.0 = Debug|Any CPU
		{C28A9A04-9CEC-4DFC-92F0-A00D803910EE}.Release|Any CPU.ActiveCfg = Release|Any CPU
		{C28A9A04-9CEC-4DFC-92F0-A00D803910EE}.Release|Any CPU.Build.0 = Release|Any CPU
		{9C7E6573-5D0E-4CE0-81DD-7A0CACFD98BD}.Debug|Any CPU.ActiveCfg = Debug|Any CPU
		{9C7E6573-5D0E-4CE0-81DD-7A0CACFD98BD}.Debug|Any CPU.Build.0 = Debug|Any CPU
		{9C7E6573-5D0E-4CE0-81DD-7A0CACFD98BD}.Release|Any CPU.ActiveCfg = Release|Any CPU
		{9C7E6573-5D0E-4CE0-81DD-7A0CACFD98BD}.Release|Any CPU.Build.0 = Release|Any CPU
		{7199F7B0-725F-49B5-8452-0024DC155879}.Debug|Any CPU.ActiveCfg = Debug|Any CPU
		{7199F7B0-725F-49B5-8452-0024DC155879}.Debug|Any CPU.Build.0 = Debug|Any CPU
		{7199F7B0-725F-49B5-8452-0024DC155879}.Release|Any CPU.ActiveCfg = Release|Any CPU
		{7199F7B0-725F-49B5-8452-0024DC155879}.Release|Any CPU.Build.0 = Release|Any CPU
		{617E0465-A5CC-42CC-84B5-9B1CFCD50084}.Debug|Any CPU.ActiveCfg = Debug|Any CPU
		{617E0465-A5CC-42CC-84B5-9B1CFCD50084}.Debug|Any CPU.Build.0 = Debug|Any CPU
		{617E0465-A5CC-42CC-84B5-9B1CFCD50084}.Release|Any CPU.ActiveCfg = Release|Any CPU
		{617E0465-A5CC-42CC-84B5-9B1CFCD50084}.Release|Any CPU.Build.0 = Release|Any CPU
		{06E140F2-537F-4C36-B8F4-B90EEBDF745B}.Debug|Any CPU.ActiveCfg = Debug|Any CPU
		{06E140F2-537F-4C36-B8F4-B90EEBDF745B}.Debug|Any CPU.Build.0 = Debug|Any CPU
		{06E140F2-537F-4C36-B8F4-B90EEBDF745B}.Release|Any CPU.ActiveCfg = Release|Any CPU
		{06E140F2-537F-4C36-B8F4-B90EEBDF745B}.Release|Any CPU.Build.0 = Release|Any CPU
		{6613D240-D276-4191-93DF-54CE3BB84EE0}.Debug|Any CPU.ActiveCfg = Debug|Any CPU
		{6613D240-D276-4191-93DF-54CE3BB84EE0}.Debug|Any CPU.Build.0 = Debug|Any CPU
		{6613D240-D276-4191-93DF-54CE3BB84EE0}.Release|Any CPU.ActiveCfg = Release|Any CPU
		{6613D240-D276-4191-93DF-54CE3BB84EE0}.Release|Any CPU.Build.0 = Release|Any CPU
		{29D5C908-4905-453F-9313-6E1ECCAB1913}.Debug|Any CPU.ActiveCfg = Debug|Any CPU
		{29D5C908-4905-453F-9313-6E1ECCAB1913}.Debug|Any CPU.Build.0 = Debug|Any CPU
		{29D5C908-4905-453F-9313-6E1ECCAB1913}.Release|Any CPU.ActiveCfg = Release|Any CPU
		{29D5C908-4905-453F-9313-6E1ECCAB1913}.Release|Any CPU.Build.0 = Release|Any CPU
		{7E33BEE1-28CC-4CE1-BCBB-B1CABF937B07}.Debug|Any CPU.ActiveCfg = Debug|Any CPU
		{7E33BEE1-28CC-4CE1-BCBB-B1CABF937B07}.Debug|Any CPU.Build.0 = Debug|Any CPU
		{7E33BEE1-28CC-4CE1-BCBB-B1CABF937B07}.Release|Any CPU.ActiveCfg = Release|Any CPU
		{7E33BEE1-28CC-4CE1-BCBB-B1CABF937B07}.Release|Any CPU.Build.0 = Release|Any CPU
		{710B4898-32BB-4232-B328-C91EEB34D4B7}.Debug|Any CPU.ActiveCfg = Debug|Any CPU
		{710B4898-32BB-4232-B328-C91EEB34D4B7}.Debug|Any CPU.Build.0 = Debug|Any CPU
		{710B4898-32BB-4232-B328-C91EEB34D4B7}.Release|Any CPU.ActiveCfg = Release|Any CPU
		{710B4898-32BB-4232-B328-C91EEB34D4B7}.Release|Any CPU.Build.0 = Release|Any CPU
		{A6DD544A-0D99-46F3-AEEA-F8AD619A6646}.Debug|Any CPU.ActiveCfg = Debug|Any CPU
		{A6DD544A-0D99-46F3-AEEA-F8AD619A6646}.Debug|Any CPU.Build.0 = Debug|Any CPU
		{A6DD544A-0D99-46F3-AEEA-F8AD619A6646}.Release|Any CPU.ActiveCfg = Release|Any CPU
		{A6DD544A-0D99-46F3-AEEA-F8AD619A6646}.Release|Any CPU.Build.0 = Release|Any CPU
		{8C882BF5-5978-4CA7-A5C1-F62AD3DA19D6}.Debug|Any CPU.ActiveCfg = Debug|Any CPU
		{8C882BF5-5978-4CA7-A5C1-F62AD3DA19D6}.Debug|Any CPU.Build.0 = Debug|Any CPU
		{8C882BF5-5978-4CA7-A5C1-F62AD3DA19D6}.Release|Any CPU.ActiveCfg = Release|Any CPU
		{8C882BF5-5978-4CA7-A5C1-F62AD3DA19D6}.Release|Any CPU.Build.0 = Release|Any CPU
		{8CED19BD-3BC4-4117-AF62-11A17DFDB21F}.Debug|Any CPU.ActiveCfg = Debug|Any CPU
		{8CED19BD-3BC4-4117-AF62-11A17DFDB21F}.Debug|Any CPU.Build.0 = Debug|Any CPU
		{8CED19BD-3BC4-4117-AF62-11A17DFDB21F}.Release|Any CPU.ActiveCfg = Release|Any CPU
		{8CED19BD-3BC4-4117-AF62-11A17DFDB21F}.Release|Any CPU.Build.0 = Release|Any CPU
		{A046BF8B-A37A-4578-82A9-39B295A2A2B7}.Debug|Any CPU.ActiveCfg = Debug|Any CPU
		{A046BF8B-A37A-4578-82A9-39B295A2A2B7}.Debug|Any CPU.Build.0 = Debug|Any CPU
		{A046BF8B-A37A-4578-82A9-39B295A2A2B7}.Release|Any CPU.ActiveCfg = Release|Any CPU
		{A046BF8B-A37A-4578-82A9-39B295A2A2B7}.Release|Any CPU.Build.0 = Release|Any CPU
		{A99042CF-497D-4869-A0F2-2E2DAD5E080F}.Debug|Any CPU.ActiveCfg = Debug|Any CPU
		{A99042CF-497D-4869-A0F2-2E2DAD5E080F}.Debug|Any CPU.Build.0 = Debug|Any CPU
		{A99042CF-497D-4869-A0F2-2E2DAD5E080F}.Release|Any CPU.ActiveCfg = Release|Any CPU
		{A99042CF-497D-4869-A0F2-2E2DAD5E080F}.Release|Any CPU.Build.0 = Release|Any CPU
		{E161C98D-CA3D-4E6E-960C-C19F6DB0A431}.Debug|Any CPU.ActiveCfg = Debug|Any CPU
		{E161C98D-CA3D-4E6E-960C-C19F6DB0A431}.Debug|Any CPU.Build.0 = Debug|Any CPU
		{E161C98D-CA3D-4E6E-960C-C19F6DB0A431}.Release|Any CPU.ActiveCfg = Release|Any CPU
		{E161C98D-CA3D-4E6E-960C-C19F6DB0A431}.Release|Any CPU.Build.0 = Release|Any CPU
		{54FE48AB-88A3-475A-AFD5-F7083427D7A1}.Debug|Any CPU.ActiveCfg = Debug|Any CPU
		{54FE48AB-88A3-475A-AFD5-F7083427D7A1}.Debug|Any CPU.Build.0 = Debug|Any CPU
		{54FE48AB-88A3-475A-AFD5-F7083427D7A1}.Release|Any CPU.ActiveCfg = Release|Any CPU
		{54FE48AB-88A3-475A-AFD5-F7083427D7A1}.Release|Any CPU.Build.0 = Release|Any CPU
		{F6C86481-09D6-4520-BB89-C26C1BD9F89F}.Debug|Any CPU.ActiveCfg = Debug|Any CPU
		{F6C86481-09D6-4520-BB89-C26C1BD9F89F}.Debug|Any CPU.Build.0 = Debug|Any CPU
		{F6C86481-09D6-4520-BB89-C26C1BD9F89F}.Release|Any CPU.ActiveCfg = Release|Any CPU
		{F6C86481-09D6-4520-BB89-C26C1BD9F89F}.Release|Any CPU.Build.0 = Release|Any CPU
		{E42B4112-ED27-4B26-8BCA-30BAE13B929B}.Debug|Any CPU.ActiveCfg = Debug|Any CPU
		{E42B4112-ED27-4B26-8BCA-30BAE13B929B}.Debug|Any CPU.Build.0 = Debug|Any CPU
		{E42B4112-ED27-4B26-8BCA-30BAE13B929B}.Release|Any CPU.ActiveCfg = Release|Any CPU
		{E42B4112-ED27-4B26-8BCA-30BAE13B929B}.Release|Any CPU.Build.0 = Release|Any CPU
		{34D7C8D0-7735-400D-9EC4-9CDC9A039AA2}.Debug|Any CPU.ActiveCfg = Debug|Any CPU
		{34D7C8D0-7735-400D-9EC4-9CDC9A039AA2}.Debug|Any CPU.Build.0 = Debug|Any CPU
		{34D7C8D0-7735-400D-9EC4-9CDC9A039AA2}.Release|Any CPU.ActiveCfg = Release|Any CPU
		{34D7C8D0-7735-400D-9EC4-9CDC9A039AA2}.Release|Any CPU.Build.0 = Release|Any CPU
		{28C62E87-D7B7-4E22-A3D1-2C66901339B5}.Debug|Any CPU.ActiveCfg = Debug|Any CPU
		{28C62E87-D7B7-4E22-A3D1-2C66901339B5}.Debug|Any CPU.Build.0 = Debug|Any CPU
		{28C62E87-D7B7-4E22-A3D1-2C66901339B5}.Release|Any CPU.ActiveCfg = Release|Any CPU
		{28C62E87-D7B7-4E22-A3D1-2C66901339B5}.Release|Any CPU.Build.0 = Release|Any CPU
		{E606A5FD-22F8-455D-A91A-DD8742699896}.Debug|Any CPU.ActiveCfg = Debug|Any CPU
		{E606A5FD-22F8-455D-A91A-DD8742699896}.Debug|Any CPU.Build.0 = Debug|Any CPU
		{E606A5FD-22F8-455D-A91A-DD8742699896}.Release|Any CPU.ActiveCfg = Release|Any CPU
		{E606A5FD-22F8-455D-A91A-DD8742699896}.Release|Any CPU.Build.0 = Release|Any CPU
		{74D15703-53AB-4A15-AD00-99F49ABF0DD8}.Debug|Any CPU.ActiveCfg = Debug|Any CPU
		{74D15703-53AB-4A15-AD00-99F49ABF0DD8}.Debug|Any CPU.Build.0 = Debug|Any CPU
		{74D15703-53AB-4A15-AD00-99F49ABF0DD8}.Release|Any CPU.ActiveCfg = Release|Any CPU
		{74D15703-53AB-4A15-AD00-99F49ABF0DD8}.Release|Any CPU.Build.0 = Release|Any CPU
		{65326A86-25E8-487F-9E44-B16134FECDFA}.Debug|Any CPU.ActiveCfg = Debug|Any CPU
		{65326A86-25E8-487F-9E44-B16134FECDFA}.Debug|Any CPU.Build.0 = Debug|Any CPU
		{65326A86-25E8-487F-9E44-B16134FECDFA}.Release|Any CPU.ActiveCfg = Release|Any CPU
		{65326A86-25E8-487F-9E44-B16134FECDFA}.Release|Any CPU.Build.0 = Release|Any CPU
		{4060A3E7-DCD8-4EC3-B50E-7E92E8B7D367}.Debug|Any CPU.ActiveCfg = Debug|Any CPU
		{4060A3E7-DCD8-4EC3-B50E-7E92E8B7D367}.Debug|Any CPU.Build.0 = Debug|Any CPU
		{4060A3E7-DCD8-4EC3-B50E-7E92E8B7D367}.Release|Any CPU.ActiveCfg = Release|Any CPU
		{4060A3E7-DCD8-4EC3-B50E-7E92E8B7D367}.Release|Any CPU.Build.0 = Release|Any CPU
		{886A4C17-B41B-4C2B-8EAE-2CC60683A4A8}.Debug|Any CPU.ActiveCfg = Debug|Any CPU
		{886A4C17-B41B-4C2B-8EAE-2CC60683A4A8}.Debug|Any CPU.Build.0 = Debug|Any CPU
		{886A4C17-B41B-4C2B-8EAE-2CC60683A4A8}.Release|Any CPU.ActiveCfg = Release|Any CPU
		{886A4C17-B41B-4C2B-8EAE-2CC60683A4A8}.Release|Any CPU.Build.0 = Release|Any CPU
		{E87D0978-946F-45FD-809C-979ED5BD0F30}.Debug|Any CPU.ActiveCfg = Debug|Any CPU
		{E87D0978-946F-45FD-809C-979ED5BD0F30}.Debug|Any CPU.Build.0 = Debug|Any CPU
		{E87D0978-946F-45FD-809C-979ED5BD0F30}.Release|Any CPU.ActiveCfg = Release|Any CPU
		{E87D0978-946F-45FD-809C-979ED5BD0F30}.Release|Any CPU.Build.0 = Release|Any CPU
	EndGlobalSection
	GlobalSection(SolutionProperties) = preSolution
		HideSolutionNode = FALSE
	EndGlobalSection
	GlobalSection(ExtensibilityGlobals) = postSolution
		SolutionGuid = {CC79B3A1-058F-4F2C-90A4-44BC2D2A5678}
	EndGlobalSection
EndGlobal
